
Microsoft Visual Studio Solution File, Format Version 11.00
# Visual Studio 2010
Project("{CC5FD16D-436D-48AD-A40C-5A424C6E3E79}") = "SGP.Components.Notifications", "SGP.Components.Notifications.ccproj", "{81B7A2EC-EAAD-43CC-A5BA-44ED166FB811}"
EndProject
Project("{FAE04EC0-301F-11D3-BF4B-00C04F79EFBC}") = "NotificationRole", "NotificationRole\NotificationRole.csproj", "{8C0EDD87-3312-46FC-8906-563B52783696}"
EndProject
Global
	GlobalSection(SolutionConfigurationPlatforms) = preSolution
		Debug|Any CPU = Debug|Any CPU
		Release|Any CPU = Release|Any CPU
	EndGlobalSection
	GlobalSection(ProjectConfigurationPlatforms) = postSolution
		{81B7A2EC-EAAD-43CC-A5BA-44ED166FB811}.Debug|Any CPU.ActiveCfg = Debug|Any CPU
		{81B7A2EC-EAAD-43CC-A5BA-44ED166FB811}.Debug|Any CPU.Build.0 = Debug|Any CPU
		{81B7A2EC-EAAD-43CC-A5BA-44ED166FB811}.Release|Any CPU.ActiveCfg = Release|Any CPU
		{81B7A2EC-EAAD-43CC-A5BA-44ED166FB811}.Release|Any CPU.Build.0 = Release|Any CPU
		{8C0EDD87-3312-46FC-8906-563B52783696}.Debug|Any CPU.ActiveCfg = Debug|Any CPU
		{8C0EDD87-3312-46FC-8906-563B52783696}.Debug|Any CPU.Build.0 = Debug|Any CPU
		{8C0EDD87-3312-46FC-8906-563B52783696}.Release|Any CPU.ActiveCfg = Release|Any CPU
		{8C0EDD87-3312-46FC-8906-563B52783696}.Release|Any CPU.Build.0 = Release|Any CPU
	EndGlobalSection
	GlobalSection(SolutionProperties) = preSolution
		HideSolutionNode = FALSE
	EndGlobalSection
EndGlobal
