
Microsoft Visual Studio Solution File, Format Version 11.00
# Visual Studio 2010
Project("{CC5FD16D-436D-48AD-A40C-5A424C6E3E79}") = "SGP.Components.Notifications", "SGP.Components.Notifications.ccproj", "{5E07FE8D-92C0-4D3F-A687-52CCD4997FC3}"
EndProject
Project("{FAE04EC0-301F-11D3-BF4B-00C04F79EFBC}") = "NotificationService", "NotificationService\NotificationService.csproj", "{39B98C33-E76A-49E5-9C41-593AFFB4A4C2}"
EndProject
Global
	GlobalSection(SolutionConfigurationPlatforms) = preSolution
		Debug|Any CPU = Debug|Any CPU
		Release|Any CPU = Release|Any CPU
	EndGlobalSection
	GlobalSection(ProjectConfigurationPlatforms) = postSolution
		{5E07FE8D-92C0-4D3F-A687-52CCD4997FC3}.Debug|Any CPU.ActiveCfg = Debug|Any CPU
		{5E07FE8D-92C0-4D3F-A687-52CCD4997FC3}.Debug|Any CPU.Build.0 = Debug|Any CPU
		{5E07FE8D-92C0-4D3F-A687-52CCD4997FC3}.Release|Any CPU.ActiveCfg = Release|Any CPU
		{5E07FE8D-92C0-4D3F-A687-52CCD4997FC3}.Release|Any CPU.Build.0 = Release|Any CPU
		{39B98C33-E76A-49E5-9C41-593AFFB4A4C2}.Debug|Any CPU.ActiveCfg = Debug|Any CPU
		{39B98C33-E76A-49E5-9C41-593AFFB4A4C2}.Debug|Any CPU.Build.0 = Debug|Any CPU
		{39B98C33-E76A-49E5-9C41-593AFFB4A4C2}.Release|Any CPU.ActiveCfg = Release|Any CPU
		{39B98C33-E76A-49E5-9C41-593AFFB4A4C2}.Release|Any CPU.Build.0 = Release|Any CPU
	EndGlobalSection
	GlobalSection(SolutionProperties) = preSolution
		HideSolutionNode = FALSE
	EndGlobalSection
EndGlobal
